
Microsoft Visual Studio Solution File, Format Version 12.00
# Visual Studio Version 17
VisualStudioVersion = 17.14.37411.7 d17.14
MinimumVisualStudioVersion = 10.0.40219.1
Project("{FAE04EC0-301F-11D3-BF4B-00C04F79EFBC}") = "Stock_Forgeeee", "Stock_Forgeeee.csproj", "{8B960D5B-EBC2-490F-8C3A-BB61FB0C231A}"
EndProject
Global
	GlobalSection(SolutionConfigurationPlatforms) = preSolution
		Debug|Any CPU = Debug|Any CPU
		Release|Any CPU = Release|Any CPU
	EndGlobalSection
	GlobalSection(ProjectConfigurationPlatforms) = postSolution
		{8B960D5B-EBC2-490F-8C3A-BB61FB0C231A}.Debug|Any CPU.ActiveCfg = Debug|Any CPU
		{8B960D5B-EBC2-490F-8C3A-BB61FB0C231A}.Debug|Any CPU.Build.0 = Debug|Any CPU
		{8B960D5B-EBC2-490F-8C3A-BB61FB0C231A}.Release|Any CPU.ActiveCfg = Release|Any CPU
		{8B960D5B-EBC2-490F-8C3A-BB61FB0C231A}.Release|Any CPU.Build.0 = Release|Any CPU
	EndGlobalSection
	GlobalSection(SolutionProperties) = preSolution
		HideSolutionNode = FALSE
	EndGlobalSection
	GlobalSection(ExtensibilityGlobals) = postSolution
		SolutionGuid = {8C34AD62-4EBF-4EA8-B1D7-0094182B75F4}
	EndGlobalSection
EndGlobal
